{
  "originHash" : "549522aff5b19c3c30f7abf1ea54364ae499b20b64e1f69406734aead8963969",
  "pins" : [
    {
      "identity" : "aiproxyswift",
      "kind" : "remoteSourceControl",
      "location" : "https://github.com/lzell/AIProxySwift",
      "state" : {
        "revision" : "6721a4b233ead28b13b9545111d21baf08afa108",
        "version" : "0.101.3"
      }
    }
  ],
  "version" : 3
}
