{
  "originHash" : "7bbd8617acc0e542535c60782fdf7a0a9cf28a423dc06861cd6d34fdc226304b",
  "pins" : [
    {
      "identity" : "aiproxyswift",
      "kind" : "remoteSourceControl",
      "location" : "https://github.com/lzell/AIProxySwift",
      "state" : {
        "revision" : "6721a4b233ead28b13b9545111d21baf08afa108",
        "version" : "0.101.3"
      }
    },
    {
      "identity" : "swiftsdk",
      "kind" : "remoteSourceControl",
      "location" : "https://github.com/TelemetryDeck/SwiftSDK",
      "state" : {
        "revision" : "a7fd1eb469589a3c8fd8cc3abe19b092b5d674dc",
        "version" : "2.9.4"
      }
    },
    {
      "identity" : "tiktok-business-ios-sdk",
      "kind" : "remoteSourceControl",
      "location" : "https://github.com/tiktok/tiktok-business-ios-sdk",
      "state" : {
        "revision" : "79faf4f1a8a15b039cb0d41a5186ea32fff86cb2",
        "version" : "1.6.0"
      }
    }
  ],
  "version" : 3
}
